{
  "nodes": {
    "gift-wrap": {
      "inputs": {
        "nixpkgs": [
          "nixpkgs"
        ]
      },
      "locked": {
        "lastModified": 1773403464,
        "narHash": "sha256-fckT48WShz/HqRgHgBKbVZCreC+Apfu3UqPZxFuL7Us=",
        "owner": "tgirlcloud",
        "repo": "gift-wrap",
        "rev": "9499bc6e450d9959e2019f7122efd3b9077f333a",
        "type": "github"
      },
      "original": {
        "owner": "tgirlcloud",
        "repo": "gift-wrap",
        "type": "github"
      }
    },
    "nixpkgs": {
      "locked": {
        "lastModified": 1783224372,
        "narHash": "sha256-8i/87eeoqiGE4yOTjwSA3Eh/ziJRQEmd/unYU+K27sk=",
        "owner": "nixos",
        "repo": "nixpkgs",
        "rev": "d407951447dcd00442e97087bf374aad70c04cea",
        "type": "github"
      },
      "original": {
        "owner": "nixos",
        "ref": "nixos-unstable",
        "repo": "nixpkgs",
        "type": "github"
      }
    },
    "root": {
      "inputs": {
        "gift-wrap": "gift-wrap",
        "nixpkgs": "nixpkgs"
      }
    }
  },
  "root": "root",
  "version": 7
}
