{
  "nodes": {
    "gift-wrap": {
      "inputs": {
        "nixpkgs": [
          "nixpkgs"
        ]
      },
      "locked": {
        "lastModified": 1773403464,
        "narHash": "sha256-fckT48WShz/HqRgHgBKbVZCreC+Apfu3UqPZxFuL7Us=",
        "owner": "tgirlcloud",
        "repo": "gift-wrap",
        "rev": "9499bc6e450d9959e2019f7122efd3b9077f333a",
        "type": "github"
      },
      "original": {
        "owner": "tgirlcloud",
        "repo": "gift-wrap",
        "type": "github"
      }
    },
    "nixpkgs": {
      "locked": {
        "lastModified": 1788179007,
        "narHash": "sha256-hn1oU2rue2SYK8dAr8+WNZWtbsz1S2W5mnHlSEuh3bo=",
        "owner": "nixos",
        "repo": "nixpkgs",
        "rev": "34ab99075ac4f7e40cf037eef32cb1c360bb85e9",
        "type": "github"
      },
      "original": {
        "owner": "nixos",
        "ref": "nixos-unstable",
        "repo": "nixpkgs",
        "type": "github"
      }
    },
    "root": {
      "inputs": {
        "gift-wrap": "gift-wrap",
        "nixpkgs": "nixpkgs"
      }
    }
  },
  "root": "root",
  "version": 7
}
